
Microsoft Visual Studio Solution File, Format Version 12.00
Project("{FAE04EC0-301F-11D3-BF4B-00C04F79EFBC}") = "UnityPublicizer", "UnityPublicizer\UnityPublicizer.csproj", "{28D86C92-B70B-4CA9-9EF3-0379C0DB57A2}"
EndProject
Global
	GlobalSection(SolutionConfigurationPlatforms) = preSolution
		Debug|Any CPU = Debug|Any CPU
		Release|Any CPU = Release|Any CPU
	EndGlobalSection
	GlobalSection(ProjectConfigurationPlatforms) = postSolution
		{28D86C92-B70B-4CA9-9EF3-0379C0DB57A2}.Debug|Any CPU.ActiveCfg = Debug|Any CPU
		{28D86C92-B70B-4CA9-9EF3-0379C0DB57A2}.Debug|Any CPU.Build.0 = Debug|Any CPU
		{28D86C92-B70B-4CA9-9EF3-0379C0DB57A2}.Release|Any CPU.ActiveCfg = Release|Any CPU
		{28D86C92-B70B-4CA9-9EF3-0379C0DB57A2}.Release|Any CPU.Build.0 = Release|Any CPU
	EndGlobalSection
EndGlobal
